# This file was autogenerated by Stack.
# You should not edit this file by hand.
# For more information, please see the documentation at:
#   https://docs.haskellstack.org/en/stable/lock_files

packages:
- completed:
    hackage: diff-parse-0.2.1@sha256:f1dcccfd6434983539c88f07d6fb971ebc3e03f02893ac3ad649a60745ca1fc4,1419
    pantry-tree:
      size: 455
      sha256: 5cffcac01b6ad7d818775d0303b3afff50c542468aa953bfbe6fcab321c2abd1
  original:
    hackage: diff-parse-0.2.1@sha256:f1dcccfd6434983539c88f07d6fb971ebc3e03f02893ac3ad649a60745ca1fc4,1419
snapshots:
- completed:
    size: 525662
    url: https://raw.githubusercontent.com/commercialhaskell/stackage-snapshots/master/lts/14/15.yaml
    sha256: c5e673e5723931b64ef2eb5004f6d9ea3c95b58d48388dbc4de6f66b97c81f7a
  original: lts-14.15
